{
  "name": "zoom-app-breakout",
  "version": "1.0.0",
  "lockfileVersion": 3,
  "requires": true,
  "packages": {
    "": {
      "name": "zoom-app-breakout",
      "version": "1.0.0",
      "license": "ISC",
      "dependencies": {
        "@zoom/appssdk": "^0.16.31"
      }
    },
    "node_modules/@zoom/appssdk": {
      "version": "0.16.31",
      "resolved": "https://registry.npmjs.org/@zoom/appssdk/-/appssdk-0.16.31.tgz",
      "integrity": "sha512-2kVgvfY2oXhooGk9pQKDLQKg5xlaF3/Hg5NU7Zg+x/KBX8uFyj4oz0XlZRBfiAPq77Cq0MJag8IRqGTakpP+YQ==",
      "license": "MIT"
    }
  }
}
